
Microsoft Visual Studio Solution File, Format Version 12.00
# Visual Studio 15
Project("{FAE04EC0-301F-11D3-BF4B-00C04F79EFBC}") = "Assembly-CSharp", "Assembly-CSharp.csproj", "{84DA5113-A148-F882-67AA-6174F254FCCE}"
EndProject
Project("{FAE04EC0-301F-11D3-BF4B-00C04F79EFBC}") = "Assembly-CSharp-firstpass", "Assembly-CSharp-firstpass.csproj", "{4C9F0E09-7FDD-7470-8271-CB2BC9B9EE23}"
EndProject
Global
	GlobalSection(SolutionConfigurationPlatforms) = preSolution
		Debug|Any CPU = Debug|Any CPU
		Release|Any CPU = Release|Any CPU
	EndGlobalSection
	GlobalSection(ProjectConfigurationPlatforms) = postSolution
		{84DA5113-A148-F882-67AA-6174F254FCCE}.Debug|Any CPU.ActiveCfg = Debug|Any CPU
		{84DA5113-A148-F882-67AA-6174F254FCCE}.Debug|Any CPU.Build.0 = Debug|Any CPU
		{84DA5113-A148-F882-67AA-6174F254FCCE}.Release|Any CPU.ActiveCfg = Release|Any CPU
		{84DA5113-A148-F882-67AA-6174F254FCCE}.Release|Any CPU.Build.0 = Release|Any CPU
		{4C9F0E09-7FDD-7470-8271-CB2BC9B9EE23}.Debug|Any CPU.ActiveCfg = Debug|Any CPU
		{4C9F0E09-7FDD-7470-8271-CB2BC9B9EE23}.Debug|Any CPU.Build.0 = Debug|Any CPU
		{4C9F0E09-7FDD-7470-8271-CB2BC9B9EE23}.Release|Any CPU.ActiveCfg = Release|Any CPU
		{4C9F0E09-7FDD-7470-8271-CB2BC9B9EE23}.Release|Any CPU.Build.0 = Release|Any CPU
	EndGlobalSection
	GlobalSection(SolutionProperties) = preSolution
		HideSolutionNode = FALSE
	EndGlobalSection
EndGlobal
